
Microsoft Visual Studio Solution File, Format Version 12.00
# Visual Studio 15
VisualStudioVersion = 15.0.28307.136
MinimumVisualStudioVersion = 10.0.40219.1
Project("{FAE04EC0-301F-11D3-BF4B-00C04F79EFBC}") = "POSSystem", "POSSystem\POSSystem.csproj", "{EE20F860-97E9-4CBB-AF4E-951FD62D0A56}"
EndProject
Project("{FAE04EC0-301F-11D3-BF4B-00C04F79EFBC}") = "POSSystem.ConsoleApp", "POSSystem.ConsoleApp\POSSystem.ConsoleApp.csproj", "{5188BDE0-8DD7-463D-B449-A555C9569CC2}"
EndProject
Project("{FAE04EC0-301F-11D3-BF4B-00C04F79EFBC}") = "POSSystem.DataAccessLayer", "POSSystem.DataAccessLayer\POSSystem.DataAccessLayer.csproj", "{1508AEF5-CB63-469F-9018-675C00E9EB7A}"
EndProject
Global
	GlobalSection(SolutionConfigurationPlatforms) = preSolution
		Debug|Any CPU = Debug|Any CPU
		Release|Any CPU = Release|Any CPU
	EndGlobalSection
	GlobalSection(ProjectConfigurationPlatforms) = postSolution
		{EE20F860-97E9-4CBB-AF4E-951FD62D0A56}.Debug|Any CPU.ActiveCfg = Debug|Any CPU
		{EE20F860-97E9-4CBB-AF4E-951FD62D0A56}.Debug|Any CPU.Build.0 = Debug|Any CPU
		{EE20F860-97E9-4CBB-AF4E-951FD62D0A56}.Release|Any CPU.ActiveCfg = Release|Any CPU
		{EE20F860-97E9-4CBB-AF4E-951FD62D0A56}.Release|Any CPU.Build.0 = Release|Any CPU
		{5188BDE0-8DD7-463D-B449-A555C9569CC2}.Debug|Any CPU.ActiveCfg = Debug|Any CPU
		{5188BDE0-8DD7-463D-B449-A555C9569CC2}.Debug|Any CPU.Build.0 = Debug|Any CPU
		{5188BDE0-8DD7-463D-B449-A555C9569CC2}.Release|Any CPU.ActiveCfg = Release|Any CPU
		{5188BDE0-8DD7-463D-B449-A555C9569CC2}.Release|Any CPU.Build.0 = Release|Any CPU
		{1508AEF5-CB63-469F-9018-675C00E9EB7A}.Debug|Any CPU.ActiveCfg = Debug|Any CPU
		{1508AEF5-CB63-469F-9018-675C00E9EB7A}.Debug|Any CPU.Build.0 = Debug|Any CPU
		{1508AEF5-CB63-469F-9018-675C00E9EB7A}.Release|Any CPU.ActiveCfg = Release|Any CPU
		{1508AEF5-CB63-469F-9018-675C00E9EB7A}.Release|Any CPU.Build.0 = Release|Any CPU
	EndGlobalSection
	GlobalSection(SolutionProperties) = preSolution
		HideSolutionNode = FALSE
	EndGlobalSection
	GlobalSection(ExtensibilityGlobals) = postSolution
		SolutionGuid = {5B418B87-43EB-48A6-8F25-895950F5F21D}
	EndGlobalSection
EndGlobal
